// !$*UTF8*$!
{
	archiveVersion = 1;
	classes = {
	};
	objectVersion = 55;
	objects = {

/* Begin PBXBuildFile section */
		04C3F2CE28DB4E3C00A36CE1 /* AppDelegate.swift in Sources */ = {isa = PBXBuildFile; fileRef = 04C3F2CD28DB4E3C00A36CE1 /* AppDelegate.swift */; };
		04C3F2D028DB4E3C00A36CE1 /* SceneDelegate.swift in Sources */ = {isa = PBXBuildFile; fileRef = 04C3F2CF28DB4E3C00A36CE1 /* SceneDelegate.swift */; };
		04C3F2D228DB4E3C00A36CE1 /* ViewController.swift in Sources */ = {isa = PBXBuildFile; fileRef = 04C3F2D128DB4E3C00A36CE1 /* ViewController.swift */; };
		04C3F2D528DB4E3C00A36CE1 /* Main.storyboard in Resources */ = {isa = PBXBuildFile; fileRef = 04C3F2D328DB4E3C00A36CE1 /* Main.storyboard */; };
		04C3F2D728DB4E4100A36CE1 /* Assets.xcassets in Resources */ = {isa = PBXBuildFile; fileRef = 04C3F2D628DB4E4100A36CE1 /* Assets.xcassets */; };
		04C3F2DA28DB4E4100A36CE1 /* LaunchScreen.storyboard in Resources */ = {isa = PBXBuildFile; fileRef = 04C3F2D828DB4E4100A36CE1 /* LaunchScreen.storyboard */; };
		04C3F2E528DB4E4100A36CE1 /* hw1Tests.swift in Sources */ = {isa = PBXBuildFile; fileRef = 04C3F2E428DB4E4100A36CE1 /* hw1Tests.swift */; };
		04C3F2EF28DB4E4100A36CE1 /* hw1UITests.swift in Sources */ = {isa = PBXBuildFile; fileRef = 04C3F2EE28DB4E4100A36CE1 /* hw1UITests.swift */; };
		04C3F2F128DB4E4100A36CE1 /* hw1UITestsLaunchTests.swift in Sources */ = {isa = PBXBuildFile; fileRef = 04C3F2F028DB4E4100A36CE1 /* hw1UITestsLaunchTests.swift */; };
/* End PBXBuildFile section */

/* Begin PBXContainerItemProxy section */
		04C3F2E128DB4E4100A36CE1 /* PBXContainerItemProxy */ = {
			isa = PBXContainerItemProxy;
			containerPortal = 04C3F2C228DB4E3C00A36CE1 /* Project object */;
			proxyType = 1;
			remoteGlobalIDString = 04C3F2C928DB4E3C00A36CE1;
			remoteInfo = hw1;
		};
		04C3F2EB28DB4E4100A36CE1 /* PBXContainerItemProxy */ = {
			isa = PBXContainerItemProxy;
			containerPortal = 04C3F2C228DB4E3C00A36CE1 /* Project object */;
			proxyType = 1;
			remoteGlobalIDString = 04C3F2C928DB4E3C00A36CE1;
			remoteInfo = hw1;
		};
/* End PBXContainerItemProxy section */

/* Begin PBXFileReference section */
		04C3F2CA28DB4E3C00A36CE1 /* hw1.app */ = {isa = PBXFileReference; explicitFileType = wrapper.application; includeInIndex = 0; path = hw1.app; sourceTree = BUILT_PRODUCTS_DIR; };
		04C3F2CD28DB4E3C00A36CE1 /* AppDelegate.swift */ = {isa = PBXFileReference; lastKnownFileType = sourcecode.swift; path = AppDelegate.swift; sourceTree = "<group>"; };
		04C3F2CF28DB4E3C00A36CE1 /* SceneDelegate.swift */ = {isa = PBXFileReference; lastKnownFileType = sourcecode.swift; path = SceneDelegate.swift; sourceTree = "<group>"; };
		04C3F2D128DB4E3C00A36CE1 /* ViewController.swift */ = {isa = PBXFileReference; lastKnownFileType = sourcecode.swift; path = ViewController.swift; sourceTree = "<group>"; };
		04C3F2D428DB4E3C00A36CE1 /* Base */ = {isa = PBXFileReference; lastKnownFileType = file.storyboard; name = Base; path = Base.lproj/Main.storyboard; sourceTree = "<group>"; };
		04C3F2D628DB4E4100A36CE1 /* Assets.xcassets */ = {isa = PBXFileReference; lastKnownFileType = folder.assetcatalog; path = Assets.xcassets; sourceTree = "<group>"; };
		04C3F2D928DB4E4100A36CE1 /* Base */ = {isa = PBXFileReference; lastKnownFileType = file.storyboard; name = Base; path = Base.lproj/LaunchScreen.storyboard; sourceTree = "<group>"; };
		04C3F2DB28DB4E4100A36CE1 /* Info.plist */ = {isa = PBXFileReference; lastKnownFileType = text.plist.xml; path = Info.plist; sourceTree = "<group>"; };
		04C3F2E028DB4E4100A36CE1 /* hw1Tests.xctest */ = {isa = PBXFileReference; explicitFileType = wrapper.cfbundle; includeInIndex = 0; path = hw1Tests.xctest; sourceTree = BUILT_PRODUCTS_DIR; };
		04C3F2E428DB4E4100A36CE1 /* hw1Tests.swift */ = {isa = PBXFileReference; lastKnownFileType = sourcecode.swift; path = hw1Tests.swift; sourceTree = "<group>"; };
		04C3F2EA28DB4E4100A36CE1 /* hw1UITests.xctest */ = {isa = PBXFileReference; explicitFileType = wrapper.cfbundle; includeInIndex = 0; path = hw1UITests.xctest; sourceTree = BUILT_PRODUCTS_DIR; };
		04C3F2EE28DB4E4100A36CE1 /* hw1UITests.swift */ = {isa = PBXFileReference; lastKnownFileType = sourcecode.swift; path = hw1UITests.swift; sourceTree = "<group>"; };
		04C3F2F028DB4E4100A36CE1 /* hw1UITestsLaunchTests.swift */ = {isa = PBXFileReference; lastKnownFileType = sourcecode.swift; path = hw1UITestsLaunchTests.swift; sourceTree = "<group>"; };
/* End PBXFileReference section */

/* Begin PBXFrameworksBuildPhase section */
		04C3F2C728DB4E3C00A36CE1 /* Frameworks */ = {
			isa = PBXFrameworksBuildPhase;
			buildActionMask = 2147483647;
			files = (
			);
			runOnlyForDeploymentPostprocessing = 0;
		};
		04C3F2DD28DB4E4100A36CE1 /* Frameworks */ = {
			isa = PBXFrameworksBuildPhase;
			buildActionMask = 2147483647;
			files = (
			);
			runOnlyForDeploymentPostprocessing = 0;
		};
		04C3F2E728DB4E4100A36CE1 /* Frameworks */ = {
			isa = PBXFrameworksBuildPhase;
			buildActionMask = 2147483647;
			files = (
			);
			runOnlyForDeploymentPostprocessing = 0;
		};
/* End PBXFrameworksBuildPhase section */

/* Begin PBXGroup section */
		04C3F2C128DB4E3C00A36CE1 = {
			isa = PBXGroup;
			children = (
				04C3F2CC28DB4E3C00A36CE1 /* hw1 */,
				04C3F2E328DB4E4100A36CE1 /* hw1Tests */,
				04C3F2ED28DB4E4100A36CE1 /* hw1UITests */,
				04C3F2CB28DB4E3C00A36CE1 /* Products */,
			);
			sourceTree = "<group>";
		};
		04C3F2CB28DB4E3C00A36CE1 /* Products */ = {
			isa = PBXGroup;
			children = (
				04C3F2CA28DB4E3C00A36CE1 /* hw1.app */,
				04C3F2E028DB4E4100A36CE1 /* hw1Tests.xctest */,
				04C3F2EA28DB4E4100A36CE1 /* hw1UITests.xctest */,
			);
			name = Products;
			sourceTree = "<group>";
		};
		04C3F2CC28DB4E3C00A36CE1 /* hw1 */ = {
			isa = PBXGroup;
			children = (
				04C3F2CD28DB4E3C00A36CE1 /* AppDelegate.swift */,
				04C3F2CF28DB4E3C00A36CE1 /* SceneDelegate.swift */,
				04C3F2D128DB4E3C00A36CE1 /* ViewController.swift */,
				04C3F2D328DB4E3C00A36CE1 /* Main.storyboard */,
				04C3F2D628DB4E4100A36CE1 /* Assets.xcassets */,
				04C3F2D828DB4E4100A36CE1 /* LaunchScreen.storyboard */,
				04C3F2DB28DB4E4100A36CE1 /* Info.plist */,
			);
			path = hw1;
			sourceTree = "<group>";
		};
		04C3F2E328DB4E4100A36CE1 /* hw1Tests */ = {
			isa = PBXGroup;
			children = (
				04C3F2E428DB4E4100A36CE1 /* hw1Tests.swift */,
			);
			path = hw1Tests;
			sourceTree = "<group>";
		};
		04C3F2ED28DB4E4100A36CE1 /* hw1UITests */ = {
			isa = PBXGroup;
			children = (
				04C3F2EE28DB4E4100A36CE1 /* hw1UITests.swift */,
				04C3F2F028DB4E4100A36CE1 /* hw1UITestsLaunchTests.swift */,
			);
			path = hw1UITests;
			sourceTree = "<group>";
		};
/* End PBXGroup section */

/* Begin PBXNativeTarget section */
		04C3F2C928DB4E3C00A36CE1 /* hw1 */ = {
			isa = PBXNativeTarget;
			buildConfigurationList = 04C3F2F428DB4E4100A36CE1 /* Build configuration list for PBXNativeTarget "hw1" */;
			buildPhases = (
				04C3F2C628DB4E3C00A36CE1 /* Sources */,
				04C3F2C728DB4E3C00A36CE1 /* Frameworks */,
				04C3F2C828DB4E3C00A36CE1 /* Resources */,
			);
			buildRules = (
			);
			dependencies = (
			);
			name = hw1;
			productName = hw1;
			productReference = 04C3F2CA28DB4E3C00A36CE1 /* hw1.app */;
			productType = "com.apple.product-type.application";
		};
		04C3F2DF28DB4E4100A36CE1 /* hw1Tests */ = {
			isa = PBXNativeTarget;
			buildConfigurationList = 04C3F2F728DB4E4100A36CE1 /* Build configuration list for PBXNativeTarget "hw1Tests" */;
			buildPhases = (
				04C3F2DC28DB4E4100A36CE1 /* Sources */,
				04C3F2DD28DB4E4100A36CE1 /* Frameworks */,
				04C3F2DE28DB4E4100A36CE1 /* Resources */,
			);
			buildRules = (
			);
			dependencies = (
				04C3F2E228DB4E4100A36CE1 /* PBXTargetDependency */,
			);
			name = hw1Tests;
			productName = hw1Tests;
			productReference = 04C3F2E028DB4E4100A36CE1 /* hw1Tests.xctest */;
			productType = "com.apple.product-type.bundle.unit-test";
		};
		04C3F2E928DB4E4100A36CE1 /* hw1UITests */ = {
			isa = PBXNativeTarget;
			buildConfigurationList = 04C3F2FA28DB4E4100A36CE1 /* Build configuration list for PBXNativeTarget "hw1UITests" */;
			buildPhases = (
				04C3F2E628DB4E4100A36CE1 /* Sources */,
				04C3F2E728DB4E4100A36CE1 /* Frameworks */,
				04C3F2E828DB4E4100A36CE1 /* Resources */,
			);
			buildRules = (
			);
			dependencies = (
				04C3F2EC28DB4E4100A36CE1 /* PBXTargetDependency */,
			);
			name = hw1UITests;
			productName = hw1UITests;
			productReference = 04C3F2EA28DB4E4100A36CE1 /* hw1UITests.xctest */;
			productType = "com.apple.product-type.bundle.ui-testing";
		};
/* End PBXNativeTarget section */

/* Begin PBXProject section */
		04C3F2C228DB4E3C00A36CE1 /* Project object */ = {
			isa = PBXProject;
			attributes = {
				BuildIndependentTargetsInParallel = 1;
				LastSwiftUpdateCheck = 1340;
				LastUpgradeCheck = 1340;
				TargetAttributes = {
					04C3F2C928DB4E3C00A36CE1 = {
						CreatedOnToolsVersion = 13.4.1;
					};
					04C3F2DF28DB4E4100A36CE1 = {
						CreatedOnToolsVersion = 13.4.1;
						TestTargetID = 04C3F2C928DB4E3C00A36CE1;
					};
					04C3F2E928DB4E4100A36CE1 = {
						CreatedOnToolsVersion = 13.4.1;
						TestTargetID = 04C3F2C928DB4E3C00A36CE1;
					};
				};
			};
			buildConfigurationList = 04C3F2C528DB4E3C00A36CE1 /* Build configuration list for PBXProject "hw1" */;
			compatibilityVersion = "Xcode 13.0";
			developmentRegion = en;
			hasScannedForEncodings = 0;
			knownRegions = (
				en,
				Base,
			);
			mainGroup = 04C3F2C128DB4E3C00A36CE1;
			productRefGroup = 04C3F2CB28DB4E3C00A36CE1 /* Products */;
			projectDirPath = "";
			projectRoot = "";
			targets = (
				04C3F2C928DB4E3C00A36CE1 /* hw1 */,
				04C3F2DF28DB4E4100A36CE1 /* hw1Tests */,
				04C3F2E928DB4E4100A36CE1 /* hw1UITests */,
			);
		};
/* End PBXProject section */

/* Begin PBXResourcesBuildPhase section */
		04C3F2C828DB4E3C00A36CE1 /* Resources */ = {
			isa = PBXResourcesBuildPhase;
			buildActionMask = 2147483647;
			files = (
				04C3F2DA28DB4E4100A36CE1 /* LaunchScreen.storyboard in Resources */,
				04C3F2D728DB4E4100A36CE1 /* Assets.xcassets in Resources */,
				04C3F2D528DB4E3C00A36CE1 /* Main.storyboard in Resources */,
			);
			runOnlyForDeploymentPostprocessing = 0;
		};
		04C3F2DE28DB4E4100A36CE1 /* Resources */ = {
			isa = PBXResourcesBuildPhase;
			buildActionMask = 2147483647;
			files = (
			);
			runOnlyForDeploymentPostprocessing = 0;
		};
		04C3F2E828DB4E4100A36CE1 /* Resources */ = {
			isa = PBXResourcesBuildPhase;
			buildActionMask = 2147483647;
			files = (
			);
			runOnlyForDeploymentPostprocessing = 0;
		};
/* End PBXResourcesBuildPhase section */

/* Begin PBXSourcesBuildPhase section */
		04C3F2C628DB4E3C00A36CE1 /* Sources */ = {
			isa = PBXSourcesBuildPhase;
			buildActionMask = 2147483647;
			files = (
				04C3F2D228DB4E3C00A36CE1 /* ViewController.swift in Sources */,
				04C3F2CE28DB4E3C00A36CE1 /* AppDelegate.swift in Sources */,
				04C3F2D028DB4E3C00A36CE1 /* SceneDelegate.swift in Sources */,
			);
			runOnlyForDeploymentPostprocessing = 0;
		};
		04C3F2DC28DB4E4100A36CE1 /* Sources */ = {
			isa = PBXSourcesBuildPhase;
			buildActionMask = 2147483647;
			files = (
				04C3F2E528DB4E4100A36CE1 /* hw1Tests.swift in Sources */,
			);
			runOnlyForDeploymentPostprocessing = 0;
		};
		04C3F2E628DB4E4100A36CE1 /* Sources */ = {
			isa = PBXSourcesBuildPhase;
			buildActionMask = 2147483647;
			files = (
				04C3F2EF28DB4E4100A36CE1 /* hw1UITests.swift in Sources */,
				04C3F2F128DB4E4100A36CE1 /* hw1UITestsLaunchTests.swift in Sources */,
			);
			runOnlyForDeploymentPostprocessing = 0;
		};
/* End PBXSourcesBuildPhase section */

/* Begin PBXTargetDependency section */
		04C3F2E228DB4E4100A36CE1 /* PBXTargetDependency */ = {
			isa = PBXTargetDependency;
			target = 04C3F2C928DB4E3C00A36CE1 /* hw1 */;
			targetProxy = 04C3F2E128DB4E4100A36CE1 /* PBXContainerItemProxy */;
		};
		04C3F2EC28DB4E4100A36CE1 /* PBXTargetDependency */ = {
			isa = PBXTargetDependency;
			target = 04C3F2C928DB4E3C00A36CE1 /* hw1 */;
			targetProxy = 04C3F2EB28DB4E4100A36CE1 /* PBXContainerItemProxy */;
		};
/* End PBXTargetDependency section */

/* Begin PBXVariantGroup section */
		04C3F2D328DB4E3C00A36CE1 /* Main.storyboard */ = {
			isa = PBXVariantGroup;
			children = (
				04C3F2D428DB4E3C00A36CE1 /* Base */,
			);
			name = Main.storyboard;
			sourceTree = "<group>";
		};
		04C3F2D828DB4E4100A36CE1 /* LaunchScreen.storyboard */ = {
			isa = PBXVariantGroup;
			children = (
				04C3F2D928DB4E4100A36CE1 /* Base */,
			);
			name = LaunchScreen.storyboard;
			sourceTree = "<group>";
		};
/* End PBXVariantGroup section */

/* Begin XCBuildConfiguration section */
		04C3F2F228DB4E4100A36CE1 /* Debug */ = {
			isa = XCBuildConfiguration;
			buildSettings = {
				ALWAYS_SEARCH_USER_PATHS = NO;
				CLANG_ANALYZER_NONNULL = YES;
				CLANG_ANALYZER_NUMBER_OBJECT_CONVERSION = YES_AGGRESSIVE;
				CLANG_CXX_LANGUAGE_STANDARD = "gnu++17";
				CLANG_ENABLE_MODULES = YES;
				CLANG_ENABLE_OBJC_ARC = YES;
				CLANG_ENABLE_OBJC_WEAK = YES;
				CLANG_WARN_BLOCK_CAPTURE_AUTORELEASING = YES;
				CLANG_WARN_BOOL_CONVERSION = YES;
				CLANG_WARN_COMMA = YES;
				CLANG_WARN_CONSTANT_CONVERSION = YES;
				CLANG_WARN_DEPRECATED_OBJC_IMPLEMENTATIONS = YES;
				CLANG_WARN_DIRECT_OBJC_ISA_USAGE = YES_ERROR;
				CLANG_WARN_DOCUMENTATION_COMMENTS = YES;
				CLANG_WARN_EMPTY_BODY = YES;
				CLANG_WARN_ENUM_CONVERSION = YES;
				CLANG_WARN_INFINITE_RECURSION = YES;
				CLANG_WARN_INT_CONVERSION = YES;
				CLANG_WARN_NON_LITERAL_NULL_CONVERSION = YES;
				CLANG_WARN_OBJC_IMPLICIT_RETAIN_SELF = YES;
				CLANG_WARN_OBJC_LITERAL_CONVERSION = YES;
				CLANG_WARN_OBJC_ROOT_CLASS = YES_ERROR;
				CLANG_WARN_QUOTED_INCLUDE_IN_FRAMEWORK_HEADER = YES;
				CLANG_WARN_RANGE_LOOP_ANALYSIS = YES;
				CLANG_WARN_STRICT_PROTOTYPES = YES;
				CLANG_WARN_SUSPICIOUS_MOVE = YES;
				CLANG_WARN_UNGUARDED_AVAILABILITY = YES_AGGRESSIVE;
				CLANG_WARN_UNREACHABLE_CODE = YES;
				CLANG_WARN__DUPLICATE_METHOD_MATCH = YES;
				COPY_PHASE_STRIP = NO;
				DEBUG_INFORMATION_FORMAT = dwarf;
				ENABLE_STRICT_OBJC_MSGSEND = YES;
				ENABLE_TESTABILITY = YES;
				GCC_C_LANGUAGE_STANDARD = gnu11;
				GCC_DYNAMIC_NO_PIC = NO;
				GCC_NO_COMMON_BLOCKS = YES;
				GCC_OPTIMIZATION_LEVEL = 0;
				GCC_PREPROCESSOR_DEFINITIONS = (
					"DEBUG=1",
					"$(inherited)",
				);
				GCC_WARN_64_TO_32_BIT_CONVERSION = YES;
				GCC_WARN_ABOUT_RETURN_TYPE = YES_ERROR;
				GCC_WARN_UNDECLARED_SELECTOR = YES;
				GCC_WARN_UNINITIALIZED_AUTOS = YES_AGGRESSIVE;
				GCC_WARN_UNUSED_FUNCTION = YES;
				GCC_WARN_UNUSED_VARIABLE = YES;
				IPHONEOS_DEPLOYMENT_TARGET = 15.5;
				MTL_ENABLE_DEBUG_INFO = INCLUDE_SOURCE;
				MTL_FAST_MATH = YES;
				ONLY_ACTIVE_ARCH = YES;
				SDKROOT = iphoneos;
				SWIFT_ACTIVE_COMPILATION_CONDITIONS = DEBUG;
				SWIFT_OPTIMIZATION_LEVEL = "-Onone";
			};
			name = Debug;
		};
		04C3F2F328DB4E4100A36CE1 /* Release */ = {
			isa = XCBuildConfiguration;
			buildSettings = {
				ALWAYS_SEARCH_USER_PATHS = NO;
				CLANG_ANALYZER_NONNULL = YES;
				CLANG_ANALYZER_NUMBER_OBJECT_CONVERSION = YES_AGGRESSIVE;
				CLANG_CXX_LANGUAGE_STANDARD = "gnu++17";
				CLANG_ENABLE_MODULES = YES;
				CLANG_ENABLE_OBJC_ARC = YES;
				CLANG_ENABLE_OBJC_WEAK = YES;
				CLANG_WARN_BLOCK_CAPTURE_AUTORELEASING = YES;
				CLANG_WARN_BOOL_CONVERSION = YES;
				CLANG_WARN_COMMA = YES;
				CLANG_WARN_CONSTANT_CONVERSION = YES;
				CLANG_WARN_DEPRECATED_OBJC_IMPLEMENTATIONS = YES;
				CLANG_WARN_DIRECT_OBJC_ISA_USAGE = YES_ERROR;
				CLANG_WARN_DOCUMENTATION_COMMENTS = YES;
				CLANG_WARN_EMPTY_BODY = YES;
				CLANG_WARN_ENUM_CONVERSION = YES;
				CLANG_WARN_INFINITE_RECURSION = YES;
				CLANG_WARN_INT_CONVERSION = YES;
				CLANG_WARN_NON_LITERAL_NULL_CONVERSION = YES;
				CLANG_WARN_OBJC_IMPLICIT_RETAIN_SELF = YES;
				CLANG_WARN_OBJC_LITERAL_CONVERSION = YES;
				CLANG_WARN_OBJC_ROOT_CLASS = YES_ERROR;
				CLANG_WARN_QUOTED_INCLUDE_IN_FRAMEWORK_HEADER = YES;
				CLANG_WARN_RANGE_LOOP_ANALYSIS = YES;
				CLANG_WARN_STRICT_PROTOTYPES = YES;
				CLANG_WARN_SUSPICIOUS_MOVE = YES;
				CLANG_WARN_UNGUARDED_AVAILABILITY = YES_AGGRESSIVE;
				CLANG_WARN_UNREACHABLE_CODE = YES;
				CLANG_WARN__DUPLICATE_METHOD_MATCH = YES;
				COPY_PHASE_STRIP = NO;
				DEBUG_INFORMATION_FORMAT = "dwarf-with-dsym";
				ENABLE_NS_ASSERTIONS = NO;
				ENABLE_STRICT_OBJC_MSGSEND = YES;
				GCC_C_LANGUAGE_STANDARD = gnu11;
				GCC_NO_COMMON_BLOCKS = YES;
				GCC_WARN_64_TO_32_BIT_CONVERSION = YES;
				GCC_WARN_ABOUT_RETURN_TYPE = YES_ERROR;
				GCC_WARN_UNDECLARED_SELECTOR = YES;
				GCC_WARN_UNINITIALIZED_AUTOS = YES_AGGRESSIVE;
				GCC_WARN_UNUSED_FUNCTION = YES;
				GCC_WARN_UNUSED_VARIABLE = YES;
				IPHONEOS_DEPLOYMENT_TARGET = 15.5;
				MTL_ENABLE_DEBUG_INFO = NO;
				MTL_FAST_MATH = YES;
				SDKROOT = iphoneos;
				SWIFT_COMPILATION_MODE = wholemodule;
				SWIFT_OPTIMIZATION_LEVEL = "-O";
				VALIDATE_PRODUCT = YES;
			};
			name = Release;
		};
		04C3F2F528DB4E4100A36CE1 /* Debug */ = {
			isa = XCBuildConfiguration;
			buildSettings = {
				ASSETCATALOG_COMPILER_APPICON_NAME = AppIcon;
				ASSETCATALOG_COMPILER_GLOBAL_ACCENT_COLOR_NAME = AccentColor;
				CODE_SIGN_STYLE = Automatic;
				CURRENT_PROJECT_VERSION = 1;
				DEVELOPMENT_TEAM = 8Q9JQZYDCF;
				GENERATE_INFOPLIST_FILE = YES;
				INFOPLIST_FILE = hw1/Info.plist;
				INFOPLIST_KEY_UIApplicationSupportsIndirectInputEvents = YES;
				INFOPLIST_KEY_UILaunchStoryboardName = LaunchScreen;
				INFOPLIST_KEY_UIMainStoryboardFile = Main;
				INFOPLIST_KEY_UISupportedInterfaceOrientations_iPad = "UIInterfaceOrientationPortrait UIInterfaceOrientationPortraitUpsideDown UIInterfaceOrientationLandscapeLeft UIInterfaceOrientationLandscapeRight";
				INFOPLIST_KEY_UISupportedInterfaceOrientations_iPhone = "UIInterfaceOrientationPortrait UIInterfaceOrientationLandscapeLeft UIInterfaceOrientationLandscapeRight";
				LD_RUNPATH_SEARCH_PATHS = (
					"$(inherited)",
					"@executable_path/Frameworks",
				);
				MARKETING_VERSION = 1.0;
				PRODUCT_BUNDLE_IDENTIFIER = ios.hw1;
				PRODUCT_NAME = "$(TARGET_NAME)";
				SWIFT_EMIT_LOC_STRINGS = YES;
				SWIFT_VERSION = 5.0;
				TARGETED_DEVICE_FAMILY = "1,2";
			};
			name = Debug;
		};
		04C3F2F628DB4E4100A36CE1 /* Release */ = {
			isa = XCBuildConfiguration;
			buildSettings = {
				ASSETCATALOG_COMPILER_APPICON_NAME = AppIcon;
				ASSETCATALOG_COMPILER_GLOBAL_ACCENT_COLOR_NAME = AccentColor;
				CODE_SIGN_STYLE = Automatic;
				CURRENT_PROJECT_VERSION = 1;
				DEVELOPMENT_TEAM = 8Q9JQZYDCF;
				GENERATE_INFOPLIST_FILE = YES;
				INFOPLIST_FILE = hw1/Info.plist;
				INFOPLIST_KEY_UIApplicationSupportsIndirectInputEvents = YES;
				INFOPLIST_KEY_UILaunchStoryboardName = LaunchScreen;
				INFOPLIST_KEY_UIMainStoryboardFile = Main;
				INFOPLIST_KEY_UISupportedInterfaceOrientations_iPad = "UIInterfaceOrientationPortrait UIInterfaceOrientationPortraitUpsideDown UIInterfaceOrientationLandscapeLeft UIInterfaceOrientationLandscapeRight";
				INFOPLIST_KEY_UISupportedInterfaceOrientations_iPhone = "UIInterfaceOrientationPortrait UIInterfaceOrientationLandscapeLeft UIInterfaceOrientationLandscapeRight";
				LD_RUNPATH_SEARCH_PATHS = (
					"$(inherited)",
					"@executable_path/Frameworks",
				);
				MARKETING_VERSION = 1.0;
				PRODUCT_BUNDLE_IDENTIFIER = ios.hw1;
				PRODUCT_NAME = "$(TARGET_NAME)";
				SWIFT_EMIT_LOC_STRINGS = YES;
				SWIFT_VERSION = 5.0;
				TARGETED_DEVICE_FAMILY = "1,2";
			};
			name = Release;
		};
		04C3F2F828DB4E4100A36CE1 /* Debug */ = {
			isa = XCBuildConfiguration;
			buildSettings = {
				ALWAYS_EMBED_SWIFT_STANDARD_LIBRARIES = YES;
				BUNDLE_LOADER = "$(TEST_HOST)";
				CODE_SIGN_STYLE = Automatic;
				CURRENT_PROJECT_VERSION = 1;
				DEVELOPMENT_TEAM = 8Q9JQZYDCF;
				GENERATE_INFOPLIST_FILE = YES;
				IPHONEOS_DEPLOYMENT_TARGET = 15.5;
				MARKETING_VERSION = 1.0;
				PRODUCT_BUNDLE_IDENTIFIER = ios.hw1Tests;
				PRODUCT_NAME = "$(TARGET_NAME)";
				SWIFT_EMIT_LOC_STRINGS = NO;
				SWIFT_VERSION = 5.0;
				TARGETED_DEVICE_FAMILY = "1,2";
				TEST_HOST = "$(BUILT_PRODUCTS_DIR)/hw1.app/hw1";
			};
			name = Debug;
		};
		04C3F2F928DB4E4100A36CE1 /* Release */ = {
			isa = XCBuildConfiguration;
			buildSettings = {
				ALWAYS_EMBED_SWIFT_STANDARD_LIBRARIES = YES;
				BUNDLE_LOADER = "$(TEST_HOST)";
				CODE_SIGN_STYLE = Automatic;
				CURRENT_PROJECT_VERSION = 1;
				DEVELOPMENT_TEAM = 8Q9JQZYDCF;
				GENERATE_INFOPLIST_FILE = YES;
				IPHONEOS_DEPLOYMENT_TARGET = 15.5;
				MARKETING_VERSION = 1.0;
				PRODUCT_BUNDLE_IDENTIFIER = ios.hw1Tests;
				PRODUCT_NAME = "$(TARGET_NAME)";
				SWIFT_EMIT_LOC_STRINGS = NO;
				SWIFT_VERSION = 5.0;
				TARGETED_DEVICE_FAMILY = "1,2";
				TEST_HOST = "$(BUILT_PRODUCTS_DIR)/hw1.app/hw1";
			};
			name = Release;
		};
		04C3F2FB28DB4E4100A36CE1 /* Debug */ = {
			isa = XCBuildConfiguration;
			buildSettings = {
				ALWAYS_EMBED_SWIFT_STANDARD_LIBRARIES = YES;
				CODE_SIGN_STYLE = Automatic;
				CURRENT_PROJECT_VERSION = 1;
				DEVELOPMENT_TEAM = 8Q9JQZYDCF;
				GENERATE_INFOPLIST_FILE = YES;
				MARKETING_VERSION = 1.0;
				PRODUCT_BUNDLE_IDENTIFIER = ios.hw1UITests;
				PRODUCT_NAME = "$(TARGET_NAME)";
				SWIFT_EMIT_LOC_STRINGS = NO;
				SWIFT_VERSION = 5.0;
				TARGETED_DEVICE_FAMILY = "1,2";
				TEST_TARGET_NAME = hw1;
			};
			name = Debug;
		};
		04C3F2FC28DB4E4100A36CE1 /* Release */ = {
			isa = XCBuildConfiguration;
			buildSettings = {
				ALWAYS_EMBED_SWIFT_STANDARD_LIBRARIES = YES;
				CODE_SIGN_STYLE = Automatic;
				CURRENT_PROJECT_VERSION = 1;
				DEVELOPMENT_TEAM = 8Q9JQZYDCF;
				GENERATE_INFOPLIST_FILE = YES;
				MARKETING_VERSION = 1.0;
				PRODUCT_BUNDLE_IDENTIFIER = ios.hw1UITests;
				PRODUCT_NAME = "$(TARGET_NAME)";
				SWIFT_EMIT_LOC_STRINGS = NO;
				SWIFT_VERSION = 5.0;
				TARGETED_DEVICE_FAMILY = "1,2";
				TEST_TARGET_NAME = hw1;
			};
			name = Release;
		};
/* End XCBuildConfiguration section */

/* Begin XCConfigurationList section */
		04C3F2C528DB4E3C00A36CE1 /* Build configuration list for PBXProject "hw1" */ = {
			isa = XCConfigurationList;
			buildConfigurations = (
				04C3F2F228DB4E4100A36CE1 /* Debug */,
				04C3F2F328DB4E4100A36CE1 /* Release */,
			);
			defaultConfigurationIsVisible = 0;
			defaultConfigurationName = Release;
		};
		04C3F2F428DB4E4100A36CE1 /* Build configuration list for PBXNativeTarget "hw1" */ = {
			isa = XCConfigurationList;
			buildConfigurations = (
				04C3F2F528DB4E4100A36CE1 /* Debug */,
				04C3F2F628DB4E4100A36CE1 /* Release */,
			);
			defaultConfigurationIsVisible = 0;
			defaultConfigurationName = Release;
		};
		04C3F2F728DB4E4100A36CE1 /* Build configuration list for PBXNativeTarget "hw1Tests" */ = {
			isa = XCConfigurationList;
			buildConfigurations = (
				04C3F2F828DB4E4100A36CE1 /* Debug */,
				04C3F2F928DB4E4100A36CE1 /* Release */,
			);
			defaultConfigurationIsVisible = 0;
			defaultConfigurationName = Release;
		};
		04C3F2FA28DB4E4100A36CE1 /* Build configuration list for PBXNativeTarget "hw1UITests" */ = {
			isa = XCConfigurationList;
			buildConfigurations = (
				04C3F2FB28DB4E4100A36CE1 /* Debug */,
				04C3F2FC28DB4E4100A36CE1 /* Release */,
			);
			defaultConfigurationIsVisible = 0;
			defaultConfigurationName = Release;
		};
/* End XCConfigurationList section */
	};
	rootObject = 04C3F2C228DB4E3C00A36CE1 /* Project object */;
}
